
Microsoft Visual Studio Solution File, Format Version 12.00
# Visual Studio Version 17
VisualStudioVersion = 17.9.34723.18
MinimumVisualStudioVersion = 10.0.40219.1
Project("{FAE04EC0-301F-11D3-BF4B-00C04F79EFBC}") = "MVCExamen", "MVCExamen.csproj", "{F2BFD74F-1B1F-411B-AEAF-9B9C8A49E93A}"
EndProject
Global
	GlobalSection(SolutionConfigurationPlatforms) = preSolution
		Debug|Any CPU = Debug|Any CPU
		Release|Any CPU = Release|Any CPU
	EndGlobalSection
	GlobalSection(ProjectConfigurationPlatforms) = postSolution
		{F2BFD74F-1B1F-411B-AEAF-9B9C8A49E93A}.Debug|Any CPU.ActiveCfg = Debug|Any CPU
		{F2BFD74F-1B1F-411B-AEAF-9B9C8A49E93A}.Debug|Any CPU.Build.0 = Debug|Any CPU
		{F2BFD74F-1B1F-411B-AEAF-9B9C8A49E93A}.Release|Any CPU.ActiveCfg = Release|Any CPU
		{F2BFD74F-1B1F-411B-AEAF-9B9C8A49E93A}.Release|Any CPU.Build.0 = Release|Any CPU
	EndGlobalSection
	GlobalSection(SolutionProperties) = preSolution
		HideSolutionNode = FALSE
	EndGlobalSection
	GlobalSection(ExtensibilityGlobals) = postSolution
		SolutionGuid = {B0F2297F-38EB-45FB-A92B-C02EBB0FCBCF}
	EndGlobalSection
EndGlobal
